
Microsoft Visual Studio Solution File, Format Version 12.00
# Visual Studio Version 16
VisualStudioVersion = 16.0.31112.23
MinimumVisualStudioVersion = 10.0.40219.1
Project("{FAE04EC0-301F-11D3-BF4B-00C04F79EFBC}") = "PesS03Ex3", "PesS03Ex3\PesS03Ex3.csproj", "{723BBD0E-F087-443E-B089-AF01F4A24AF3}"
EndProject
Global
	GlobalSection(SolutionConfigurationPlatforms) = preSolution
		Debug|Any CPU = Debug|Any CPU
		Release|Any CPU = Release|Any CPU
	EndGlobalSection
	GlobalSection(ProjectConfigurationPlatforms) = postSolution
		{723BBD0E-F087-443E-B089-AF01F4A24AF3}.Debug|Any CPU.ActiveCfg = Debug|Any CPU
		{723BBD0E-F087-443E-B089-AF01F4A24AF3}.Debug|Any CPU.Build.0 = Debug|Any CPU
		{723BBD0E-F087-443E-B089-AF01F4A24AF3}.Release|Any CPU.ActiveCfg = Release|Any CPU
		{723BBD0E-F087-443E-B089-AF01F4A24AF3}.Release|Any CPU.Build.0 = Release|Any CPU
	EndGlobalSection
	GlobalSection(SolutionProperties) = preSolution
		HideSolutionNode = FALSE
	EndGlobalSection
	GlobalSection(ExtensibilityGlobals) = postSolution
		SolutionGuid = {EA395E5E-6F1D-4A9B-A0DC-61CBE55D84D0}
	EndGlobalSection
EndGlobal
