
Microsoft Visual Studio Solution File, Format Version 12.00
# Visual Studio Version 16
VisualStudioVersion = 16.0.31112.23
MinimumVisualStudioVersion = 10.0.40219.1
Project("{FAE04EC0-301F-11D3-BF4B-00C04F79EFBC}") = "PesS07Desafio", "PesS07Desafio\PesS07Desafio.csproj", "{439536EA-8884-493E-B179-2A3422443657}"
EndProject
Global
	GlobalSection(SolutionConfigurationPlatforms) = preSolution
		Debug|Any CPU = Debug|Any CPU
		Release|Any CPU = Release|Any CPU
	EndGlobalSection
	GlobalSection(ProjectConfigurationPlatforms) = postSolution
		{439536EA-8884-493E-B179-2A3422443657}.Debug|Any CPU.ActiveCfg = Debug|Any CPU
		{439536EA-8884-493E-B179-2A3422443657}.Debug|Any CPU.Build.0 = Debug|Any CPU
		{439536EA-8884-493E-B179-2A3422443657}.Release|Any CPU.ActiveCfg = Release|Any CPU
		{439536EA-8884-493E-B179-2A3422443657}.Release|Any CPU.Build.0 = Release|Any CPU
	EndGlobalSection
	GlobalSection(SolutionProperties) = preSolution
		HideSolutionNode = FALSE
	EndGlobalSection
	GlobalSection(ExtensibilityGlobals) = postSolution
		SolutionGuid = {20CEEBB7-5A01-4E82-9550-35035A72A0C5}
	EndGlobalSection
EndGlobal
