
Microsoft Visual Studio Solution File, Format Version 12.00
# Visual Studio Version 16
VisualStudioVersion = 16.0.31112.23
MinimumVisualStudioVersion = 10.0.40219.1
Project("{FAE04EC0-301F-11D3-BF4B-00C04F79EFBC}") = "PesS06Ex2", "PesS06Ex2\PesS06Ex2.csproj", "{754457B7-0B85-4F7E-8F3A-8EE7AC0B320A}"
EndProject
Global
	GlobalSection(SolutionConfigurationPlatforms) = preSolution
		Debug|Any CPU = Debug|Any CPU
		Release|Any CPU = Release|Any CPU
	EndGlobalSection
	GlobalSection(ProjectConfigurationPlatforms) = postSolution
		{754457B7-0B85-4F7E-8F3A-8EE7AC0B320A}.Debug|Any CPU.ActiveCfg = Debug|Any CPU
		{754457B7-0B85-4F7E-8F3A-8EE7AC0B320A}.Debug|Any CPU.Build.0 = Debug|Any CPU
		{754457B7-0B85-4F7E-8F3A-8EE7AC0B320A}.Release|Any CPU.ActiveCfg = Release|Any CPU
		{754457B7-0B85-4F7E-8F3A-8EE7AC0B320A}.Release|Any CPU.Build.0 = Release|Any CPU
	EndGlobalSection
	GlobalSection(SolutionProperties) = preSolution
		HideSolutionNode = FALSE
	EndGlobalSection
	GlobalSection(ExtensibilityGlobals) = postSolution
		SolutionGuid = {7CE66824-CC22-4AE6-9608-1429A8022CE7}
	EndGlobalSection
EndGlobal
