
Microsoft Visual Studio Solution File, Format Version 12.00
# Visual Studio Version 16
VisualStudioVersion = 16.0.31112.23
MinimumVisualStudioVersion = 10.0.40219.1
Project("{FAE04EC0-301F-11D3-BF4B-00C04F79EFBC}") = "PesS07Ex2", "PesS07Ex2\PesS07Ex2.csproj", "{8C8CE7E5-1C18-4E3A-BEA5-26A413907923}"
EndProject
Global
	GlobalSection(SolutionConfigurationPlatforms) = preSolution
		Debug|Any CPU = Debug|Any CPU
		Release|Any CPU = Release|Any CPU
	EndGlobalSection
	GlobalSection(ProjectConfigurationPlatforms) = postSolution
		{8C8CE7E5-1C18-4E3A-BEA5-26A413907923}.Debug|Any CPU.ActiveCfg = Debug|Any CPU
		{8C8CE7E5-1C18-4E3A-BEA5-26A413907923}.Debug|Any CPU.Build.0 = Debug|Any CPU
		{8C8CE7E5-1C18-4E3A-BEA5-26A413907923}.Release|Any CPU.ActiveCfg = Release|Any CPU
		{8C8CE7E5-1C18-4E3A-BEA5-26A413907923}.Release|Any CPU.Build.0 = Release|Any CPU
	EndGlobalSection
	GlobalSection(SolutionProperties) = preSolution
		HideSolutionNode = FALSE
	EndGlobalSection
	GlobalSection(ExtensibilityGlobals) = postSolution
		SolutionGuid = {0AA75908-6AA5-4A64-9098-CF8672361864}
	EndGlobalSection
EndGlobal
